
Microsoft Visual Studio Solution File, Format Version 12.00
# Visual Studio 15
VisualStudioVersion = 15.0.27428.1
MinimumVisualStudioVersion = 10.0.40219.1
Project("{FAE04EC0-301F-11D3-BF4B-00C04F79EFBC}") = "HellBrick.RecursiveList", "HellBrick.RecursiveList\HellBrick.RecursiveList.csproj", "{F065906A-8035-4C4F-893B-775CA53A590E}"
EndProject
Project("{FAE04EC0-301F-11D3-BF4B-00C04F79EFBC}") = "HellBrick.RecursiveList.Test", "HellBrick.RecursiveList.Test\HellBrick.RecursiveList.Test.csproj", "{26EF08F5-5FBE-4522-9050-91D0EA852029}"
EndProject
Global
	GlobalSection(SolutionConfigurationPlatforms) = preSolution
		Debug|Any CPU = Debug|Any CPU
		Release|Any CPU = Release|Any CPU
	EndGlobalSection
	GlobalSection(ProjectConfigurationPlatforms) = postSolution
		{F065906A-8035-4C4F-893B-775CA53A590E}.Debug|Any CPU.ActiveCfg = Debug|Any CPU
		{F065906A-8035-4C4F-893B-775CA53A590E}.Debug|Any CPU.Build.0 = Debug|Any CPU
		{F065906A-8035-4C4F-893B-775CA53A590E}.Release|Any CPU.ActiveCfg = Release|Any CPU
		{F065906A-8035-4C4F-893B-775CA53A590E}.Release|Any CPU.Build.0 = Release|Any CPU
		{26EF08F5-5FBE-4522-9050-91D0EA852029}.Debug|Any CPU.ActiveCfg = Debug|Any CPU
		{26EF08F5-5FBE-4522-9050-91D0EA852029}.Debug|Any CPU.Build.0 = Debug|Any CPU
		{26EF08F5-5FBE-4522-9050-91D0EA852029}.Release|Any CPU.ActiveCfg = Release|Any CPU
		{26EF08F5-5FBE-4522-9050-91D0EA852029}.Release|Any CPU.Build.0 = Release|Any CPU
	EndGlobalSection
	GlobalSection(SolutionProperties) = preSolution
		HideSolutionNode = FALSE
	EndGlobalSection
	GlobalSection(ExtensibilityGlobals) = postSolution
		SolutionGuid = {E6F056A5-F7D2-4F8E-AF41-FFA96AA876A2}
	EndGlobalSection
EndGlobal
